// !$*UTF8*$!
{
	archiveVersion = 1;
	classes = {
	};
	objectVersion = 56;
	objects = {

/* Begin PBXBuildFile section */
		9D9CE2294620EA2220A8D34C /* UsageLimitView.swift in Sources */ = {isa = PBXBuildFile; fileRef = A7B94AA83DBB16203018BC10 /* UsageLimitView.swift */; };
		A1000001 /* SpeedScanApp.swift in Sources */ = {isa = PBXBuildFile; fileRef = B1000001 /* SpeedScanApp.swift */; };
		A1000002 /* ContentView.swift in Sources */ = {isa = PBXBuildFile; fileRef = B1000002 /* ContentView.swift */; };
		A1000003 /* ScanView.swift in Sources */ = {isa = PBXBuildFile; fileRef = B1000003 /* ScanView.swift */; };
		A1000004 /* ScanResultView.swift in Sources */ = {isa = PBXBuildFile; fileRef = B1000004 /* ScanResultView.swift */; };
		A1000005 /* HistoryView.swift in Sources */ = {isa = PBXBuildFile; fileRef = B1000005 /* HistoryView.swift */; };
		A1000006 /* LoginView.swift in Sources */ = {isa = PBXBuildFile; fileRef = B1000006 /* LoginView.swift */; };
		A1000007 /* ProfileView.swift in Sources */ = {isa = PBXBuildFile; fileRef = B1000007 /* ProfileView.swift */; };
		A1000008 /* SettingsView.swift in Sources */ = {isa = PBXBuildFile; fileRef = B1000008 /* SettingsView.swift */; };
		A1000009 /* ScanViewModel.swift in Sources */ = {isa = PBXBuildFile; fileRef = B1000009 /* ScanViewModel.swift */; };
		A1000010 /* ScanRecord.swift in Sources */ = {isa = PBXBuildFile; fileRef = B1000010 /* ScanRecord.swift */; };
		A1000011 /* AuthService.swift in Sources */ = {isa = PBXBuildFile; fileRef = B1000011 /* AuthService.swift */; };
		A1000012 /* DocxExporter.swift in Sources */ = {isa = PBXBuildFile; fileRef = B1000012 /* DocxExporter.swift */; };
		A1000013 /* KeychainService.swift in Sources */ = {isa = PBXBuildFile; fileRef = B1000013 /* KeychainService.swift */; };
		A1000014 /* SubscriptionManager.swift in Sources */ = {isa = PBXBuildFile; fileRef = B1000014 /* SubscriptionManager.swift */; };
		A1000015 /* ImagePicker.swift in Sources */ = {isa = PBXBuildFile; fileRef = B1000015 /* ImagePicker.swift */; };
		A1000016 /* CameraView.swift in Sources */ = {isa = PBXBuildFile; fileRef = B1000016 /* CameraView.swift */; };
		A1000017 /* Assets.xcassets in Resources */ = {isa = PBXBuildFile; fileRef = B1000017 /* Assets.xcassets */; };
		A1000018 /* test-ocr-image.jpg in Resources */ = {isa = PBXBuildFile; fileRef = B1000019 /* test-ocr-image.jpg */; };
		A1000019 /* test-ocr-pdf.pdf in Resources */ = {isa = PBXBuildFile; fileRef = B1000020 /* test-ocr-pdf.pdf */; };
		BAC667E9362C765BBBC96396 /* UsageService.swift in Sources */ = {isa = PBXBuildFile; fileRef = 854C540F2032EF64D54B5B7A /* UsageService.swift */; };
		BFA6101D2F721C57000C465E /* test-ocr-image2.jpg in Resources */ = {isa = PBXBuildFile; fileRef = B1000021 /* test-ocr-image2.jpg */; };
		BFA6101F2F721D3E000C465E /* ConvertService.swift in Sources */ = {isa = PBXBuildFile; fileRef = BFA6101E2F721D3E000C465E /* ConvertService.swift */; };
		BFA6102A2F721D3E000C465E /* OCRService.swift in Sources */ = {isa = PBXBuildFile; fileRef = BFA6102B2F721D3E000C465E /* OCRService.swift */; };
		BFA6102C2F721D3E000C465E /* OCRResultView.swift in Sources */ = {isa = PBXBuildFile; fileRef = BFA6102D2F721D3E000C465E /* OCRResultView.swift */; };
		BFA6103A2F721D3E000C465E /* EditableTextCard.swift in Sources */ = {isa = PBXBuildFile; fileRef = BFA6103B2F721D3E000C465E /* EditableTextCard.swift */; };
		BFE5005E2F63AB2A003548BD /* ZIPFoundation in Frameworks */ = {isa = PBXBuildFile; productRef = BFE5005D2F63AB2A003548BD /* ZIPFoundation */; };
/* End PBXBuildFile section */

/* Begin PBXFileReference section */
		854C540F2032EF64D54B5B7A /* UsageService.swift */ = {isa = PBXFileReference; lastKnownFileType = sourcecode.swift; path = UsageService.swift; sourceTree = "<group>"; };
		A7B94AA83DBB16203018BC10 /* UsageLimitView.swift */ = {isa = PBXFileReference; lastKnownFileType = sourcecode.swift; path = UsageLimitView.swift; sourceTree = "<group>"; };
		B1000001 /* SpeedScanApp.swift */ = {isa = PBXFileReference; lastKnownFileType = sourcecode.swift; path = SpeedScanApp.swift; sourceTree = "<group>"; };
		B1000002 /* ContentView.swift */ = {isa = PBXFileReference; lastKnownFileType = sourcecode.swift; path = ContentView.swift; sourceTree = "<group>"; };
		B1000003 /* ScanView.swift */ = {isa = PBXFileReference; lastKnownFileType = sourcecode.swift; path = ScanView.swift; sourceTree = "<group>"; };
		B1000004 /* ScanResultView.swift */ = {isa = PBXFileReference; lastKnownFileType = sourcecode.swift; path = ScanResultView.swift; sourceTree = "<group>"; };
		B1000005 /* HistoryView.swift */ = {isa = PBXFileReference; lastKnownFileType = sourcecode.swift; path = HistoryView.swift; sourceTree = "<group>"; };
		B1000006 /* LoginView.swift */ = {isa = PBXFileReference; lastKnownFileType = sourcecode.swift; path = LoginView.swift; sourceTree = "<group>"; };
		B1000007 /* ProfileView.swift */ = {isa = PBXFileReference; lastKnownFileType = sourcecode.swift; path = ProfileView.swift; sourceTree = "<group>"; };
		B1000008 /* SettingsView.swift */ = {isa = PBXFileReference; lastKnownFileType = sourcecode.swift; path = SettingsView.swift; sourceTree = "<group>"; };
		B1000009 /* ScanViewModel.swift */ = {isa = PBXFileReference; lastKnownFileType = sourcecode.swift; path = ScanViewModel.swift; sourceTree = "<group>"; };
		B1000010 /* ScanRecord.swift */ = {isa = PBXFileReference; lastKnownFileType = sourcecode.swift; path = ScanRecord.swift; sourceTree = "<group>"; };
		B1000011 /* AuthService.swift */ = {isa = PBXFileReference; lastKnownFileType = sourcecode.swift; path = AuthService.swift; sourceTree = "<group>"; };
		B1000012 /* DocxExporter.swift */ = {isa = PBXFileReference; lastKnownFileType = sourcecode.swift; path = DocxExporter.swift; sourceTree = "<group>"; };
		B1000013 /* KeychainService.swift */ = {isa = PBXFileReference; lastKnownFileType = sourcecode.swift; path = KeychainService.swift; sourceTree = "<group>"; };
		B1000014 /* SubscriptionManager.swift */ = {isa = PBXFileReference; lastKnownFileType = sourcecode.swift; path = SubscriptionManager.swift; sourceTree = "<group>"; };
		B1000015 /* ImagePicker.swift */ = {isa = PBXFileReference; lastKnownFileType = sourcecode.swift; path = ImagePicker.swift; sourceTree = "<group>"; };
		B1000016 /* CameraView.swift */ = {isa = PBXFileReference; lastKnownFileType = sourcecode.swift; path = CameraView.swift; sourceTree = "<group>"; };
		B1000017 /* Assets.xcassets */ = {isa = PBXFileReference; lastKnownFileType = folder.assetcatalog; path = Assets.xcassets; sourceTree = "<group>"; };
		B1000018 /* Info.plist */ = {isa = PBXFileReference; lastKnownFileType = text.plist.xml; path = Info.plist; sourceTree = "<group>"; };
		B1000019 /* test-ocr-image.jpg */ = {isa = PBXFileReference; lastKnownFileType = image.jpeg; path = "test-ocr-image.jpg"; sourceTree = "<group>"; };
		B1000020 /* test-ocr-pdf.pdf */ = {isa = PBXFileReference; lastKnownFileType = com.adobe.pdf; path = "test-ocr-pdf.pdf"; sourceTree = "<group>"; };
		B1000021 /* test-ocr-image2.jpg */ = {isa = PBXFileReference; lastKnownFileType = image.jpeg; path = "test-ocr-image2.jpg"; sourceTree = "<group>"; };
		B1000099 /* SpeedScan.app */ = {isa = PBXFileReference; explicitFileType = wrapper.application; includeInIndex = 0; path = SpeedScan.app; sourceTree = BUILT_PRODUCTS_DIR; };
		BFA6101E2F721D3E000C465E /* ConvertService.swift */ = {isa = PBXFileReference; lastKnownFileType = sourcecode.swift; path = ConvertService.swift; sourceTree = "<group>"; };
		BFA6102B2F721D3E000C465E /* OCRService.swift */ = {isa = PBXFileReference; lastKnownFileType = sourcecode.swift; path = OCRService.swift; sourceTree = "<group>"; };
		BFA6102D2F721D3E000C465E /* OCRResultView.swift */ = {isa = PBXFileReference; lastKnownFileType = sourcecode.swift; path = OCRResultView.swift; sourceTree = "<group>"; };
		BFA6103B2F721D3E000C465E /* EditableTextCard.swift */ = {isa = PBXFileReference; lastKnownFileType = sourcecode.swift; path = EditableTextCard.swift; sourceTree = "<group>"; };
		BFCD2B462F7A80DD00AE97F0 /* SpeedScanRelease.entitlements */ = {isa = PBXFileReference; lastKnownFileType = text.plist.entitlements; path = SpeedScanRelease.entitlements; sourceTree = "<group>"; };
/* End PBXFileReference section */

/* Begin PBXFrameworksBuildPhase section */
		D1000004 /* Frameworks */ = {
			isa = PBXFrameworksBuildPhase;
			buildActionMask = 2147483647;
			files = (
				BFE5005E2F63AB2A003548BD /* ZIPFoundation in Frameworks */,
			);
			runOnlyForDeploymentPostprocessing = 0;
		};
/* End PBXFrameworksBuildPhase section */

/* Begin PBXGroup section */
		C1000000 = {
			isa = PBXGroup;
			children = (
				C1000001 /* SpeedScan */,
				C1000099 /* Products */,
			);
			sourceTree = "<group>";
		};
		C1000001 /* SpeedScan */ = {
			isa = PBXGroup;
			children = (
				BFCD2B462F7A80DD00AE97F0 /* SpeedScanRelease.entitlements */,
				B1000001 /* SpeedScanApp.swift */,
				B1000018 /* Info.plist */,
				C1000002 /* Views */,
				C1000003 /* ViewModels */,
				C1000004 /* Models */,
				C1000005 /* Services */,
				C1000006 /* Components */,
				C1000007 /* Resources */,
			);
			name = SpeedScan;
			sourceTree = "<group>";
		};
		C1000002 /* Views */ = {
			isa = PBXGroup;
			children = (
				B1000002 /* ContentView.swift */,
				B1000003 /* ScanView.swift */,
				B1000004 /* ScanResultView.swift */,
				B1000005 /* HistoryView.swift */,
				B1000006 /* LoginView.swift */,
				B1000007 /* ProfileView.swift */,
				B1000008 /* SettingsView.swift */,
				B1000016 /* CameraView.swift */,
				BFA6102D2F721D3E000C465E /* OCRResultView.swift */,
				A7B94AA83DBB16203018BC10 /* UsageLimitView.swift */,
			);
			path = Views;
			sourceTree = "<group>";
		};
		C1000003 /* ViewModels */ = {
			isa = PBXGroup;
			children = (
				B1000009 /* ScanViewModel.swift */,
			);
			path = ViewModels;
			sourceTree = "<group>";
		};
		C1000004 /* Models */ = {
			isa = PBXGroup;
			children = (
				B1000010 /* ScanRecord.swift */,
			);
			path = Models;
			sourceTree = "<group>";
		};
		C1000005 /* Services */ = {
			isa = PBXGroup;
			children = (
				B1000011 /* AuthService.swift */,
				B1000012 /* DocxExporter.swift */,
				BFA6101E2F721D3E000C465E /* ConvertService.swift */,
				BFA6102B2F721D3E000C465E /* OCRService.swift */,
				B1000013 /* KeychainService.swift */,
				B1000014 /* SubscriptionManager.swift */,
				854C540F2032EF64D54B5B7A /* UsageService.swift */,
			);
			path = Services;
			sourceTree = "<group>";
		};
		C1000006 /* Components */ = {
			isa = PBXGroup;
			children = (
				B1000015 /* ImagePicker.swift */,
				BFA6103B2F721D3E000C465E /* EditableTextCard.swift */,
			);
			path = Components;
			sourceTree = "<group>";
		};
		C1000007 /* Resources */ = {
			isa = PBXGroup;
			children = (
				B1000017 /* Assets.xcassets */,
				B1000019 /* test-ocr-image.jpg */,
				B1000020 /* test-ocr-pdf.pdf */,
				B1000021 /* test-ocr-image2.jpg */,
			);
			path = Resources;
			sourceTree = "<group>";
		};
		C1000099 /* Products */ = {
			isa = PBXGroup;
			children = (
				B1000099 /* SpeedScan.app */,
			);
			name = Products;
			sourceTree = "<group>";
		};
/* End PBXGroup section */

/* Begin PBXNativeTarget section */
		D1000001 /* SpeedScan */ = {
			isa = PBXNativeTarget;
			buildConfigurationList = E1000002 /* Build configuration list for PBXNativeTarget "SpeedScan" */;
			buildPhases = (
				D1000002 /* Sources */,
				D1000003 /* Resources */,
				D1000004 /* Frameworks */,
			);
			buildRules = (
			);
			dependencies = (
			);
			name = SpeedScan;
			packageProductDependencies = (
				BFE5005D2F63AB2A003548BD /* ZIPFoundation */,
			);
			productName = SpeedScan;
			productReference = B1000099 /* SpeedScan.app */;
			productType = "com.apple.product-type.application";
		};
/* End PBXNativeTarget section */

/* Begin PBXProject section */
		D1000000 /* Project object */ = {
			isa = PBXProject;
			attributes = {
				BuildIndependentTargetsInParallel = 1;
				LastUpgradeCheck = 2630;
				TargetAttributes = {
					D1000001 = {
						CreatedOnToolsVersion = 15.0;
					};
				};
			};
			buildConfigurationList = E1000001 /* Build configuration list for PBXProject "SpeedScan" */;
			compatibilityVersion = "Xcode 14.0";
			developmentRegion = "zh-Hans";
			hasScannedForEncodings = 0;
			knownRegions = (
				en,
				"zh-Hans",
				Base,
			);
			mainGroup = C1000000;
			packageReferences = (
				BFE5005C2F63AB2A003548BD /* XCRemoteSwiftPackageReference "ZIPFoundation" */,
			);
			productRefGroup = C1000099 /* Products */;
			projectDirPath = "";
			projectRoot = "";
			targets = (
				D1000001 /* SpeedScan */,
			);
		};
/* End PBXProject section */

/* Begin PBXResourcesBuildPhase section */
		D1000003 /* Resources */ = {
			isa = PBXResourcesBuildPhase;
			buildActionMask = 2147483647;
			files = (
				A1000017 /* Assets.xcassets in Resources */,
				A1000018 /* test-ocr-image.jpg in Resources */,
				A1000019 /* test-ocr-pdf.pdf in Resources */,
				BFA6101D2F721C57000C465E /* test-ocr-image2.jpg in Resources */,
			);
			runOnlyForDeploymentPostprocessing = 0;
		};
/* End PBXResourcesBuildPhase section */

/* Begin PBXSourcesBuildPhase section */
		D1000002 /* Sources */ = {
			isa = PBXSourcesBuildPhase;
			buildActionMask = 2147483647;
			files = (
				A1000001 /* SpeedScanApp.swift in Sources */,
				A1000002 /* ContentView.swift in Sources */,
				A1000003 /* ScanView.swift in Sources */,
				A1000004 /* ScanResultView.swift in Sources */,
				A1000005 /* HistoryView.swift in Sources */,
				BFA6101F2F721D3E000C465E /* ConvertService.swift in Sources */,
				BFA6102A2F721D3E000C465E /* OCRService.swift in Sources */,
				BFA6102C2F721D3E000C465E /* OCRResultView.swift in Sources */,
				BAC667E9362C765BBBC96396 /* UsageService.swift in Sources */,
				9D9CE2294620EA2220A8D34C /* UsageLimitView.swift in Sources */,
				A1000006 /* LoginView.swift in Sources */,
				A1000007 /* ProfileView.swift in Sources */,
				A1000008 /* SettingsView.swift in Sources */,
				A1000009 /* ScanViewModel.swift in Sources */,
				A1000010 /* ScanRecord.swift in Sources */,
				A1000011 /* AuthService.swift in Sources */,
				A1000012 /* DocxExporter.swift in Sources */,
				A1000013 /* KeychainService.swift in Sources */,
				A1000014 /* SubscriptionManager.swift in Sources */,
				A1000015 /* ImagePicker.swift in Sources */,
				BFA6103A2F721D3E000C465E /* EditableTextCard.swift in Sources */,
				A1000016 /* CameraView.swift in Sources */,
			);
			runOnlyForDeploymentPostprocessing = 0;
		};
/* End PBXSourcesBuildPhase section */

/* Begin XCBuildConfiguration section */
		E1000003 /* Debug */ = {
			isa = XCBuildConfiguration;
			buildSettings = {
				ALWAYS_SEARCH_USER_PATHS = NO;
				CLANG_ANALYZER_LOCALIZABILITY_NONLOCALIZED = YES;
				CLANG_ANALYZER_NONNULL = YES;
				CLANG_ENABLE_MODULES = YES;
				CLANG_ENABLE_OBJC_ARC = YES;
				CLANG_WARN_BLOCK_CAPTURE_AUTORELEASING = YES;
				CLANG_WARN_BOOL_CONVERSION = YES;
				CLANG_WARN_COMMA = YES;
				CLANG_WARN_CONSTANT_CONVERSION = YES;
				CLANG_WARN_DEPRECATED_OBJC_IMPLEMENTATIONS = YES;
				CLANG_WARN_EMPTY_BODY = YES;
				CLANG_WARN_ENUM_CONVERSION = YES;
				CLANG_WARN_INFINITE_RECURSION = YES;
				CLANG_WARN_INT_CONVERSION = YES;
				CLANG_WARN_NON_LITERAL_NULL_CONVERSION = YES;
				CLANG_WARN_OBJC_IMPLICIT_RETAIN_SELF = YES;
				CLANG_WARN_OBJC_LITERAL_CONVERSION = YES;
				CLANG_WARN_QUOTED_INCLUDE_IN_FRAMEWORK_HEADER = YES;
				CLANG_WARN_RANGE_LOOP_ANALYSIS = YES;
				CLANG_WARN_STRICT_PROTOTYPES = YES;
				CLANG_WARN_SUSPICIOUS_MOVE = YES;
				CLANG_WARN_UNREACHABLE_CODE = YES;
				CLANG_WARN__DUPLICATE_METHOD_MATCH = YES;
				COPY_PHASE_STRIP = NO;
				DEBUG_INFORMATION_FORMAT = dwarf;
				DEVELOPMENT_TEAM = S74A7QQFV4;
				ENABLE_STRICT_OBJC_MSGSEND = YES;
				ENABLE_TESTABILITY = YES;
				ENABLE_USER_SCRIPT_SANDBOXING = YES;
				GCC_C_LANGUAGE_STANDARD = gnu17;
				GCC_DYNAMIC_NO_PIC = NO;
				GCC_NO_COMMON_BLOCKS = YES;
				GCC_OPTIMIZATION_LEVEL = 0;
				GCC_PREPROCESSOR_DEFINITIONS = (
					"DEBUG=1",
					"$(inherited)",
				);
				GCC_WARN_64_TO_32_BIT_CONVERSION = YES;
				GCC_WARN_ABOUT_RETURN_TYPE = YES;
				GCC_WARN_UNDECLARED_SELECTOR = YES;
				GCC_WARN_UNINITIALIZED_AUTOS = YES;
				GCC_WARN_UNUSED_FUNCTION = YES;
				GCC_WARN_UNUSED_VARIABLE = YES;
				MTL_ENABLE_DEBUG_INFO = INCLUDE_SOURCE;
				ONLY_ACTIVE_ARCH = YES;
				SDKROOT = iphoneos;
				STRING_CATALOG_GENERATE_SYMBOLS = YES;
				SWIFT_ACTIVE_COMPILATION_CONDITIONS = DEBUG;
				SWIFT_OPTIMIZATION_LEVEL = "-Onone";
			};
			name = Debug;
		};
		E1000004 /* Release */ = {
			isa = XCBuildConfiguration;
			buildSettings = {
				ALWAYS_SEARCH_USER_PATHS = NO;
				CLANG_ANALYZER_LOCALIZABILITY_NONLOCALIZED = YES;
				CLANG_WARN_BLOCK_CAPTURE_AUTORELEASING = YES;
				CLANG_WARN_BOOL_CONVERSION = YES;
				CLANG_WARN_COMMA = YES;
				CLANG_WARN_CONSTANT_CONVERSION = YES;
				CLANG_WARN_DEPRECATED_OBJC_IMPLEMENTATIONS = YES;
				CLANG_WARN_EMPTY_BODY = YES;
				CLANG_WARN_ENUM_CONVERSION = YES;
				CLANG_WARN_INFINITE_RECURSION = YES;
				CLANG_WARN_INT_CONVERSION = YES;
				CLANG_WARN_NON_LITERAL_NULL_CONVERSION = YES;
				CLANG_WARN_OBJC_IMPLICIT_RETAIN_SELF = YES;
				CLANG_WARN_OBJC_LITERAL_CONVERSION = YES;
				CLANG_WARN_QUOTED_INCLUDE_IN_FRAMEWORK_HEADER = YES;
				CLANG_WARN_RANGE_LOOP_ANALYSIS = YES;
				CLANG_WARN_STRICT_PROTOTYPES = YES;
				CLANG_WARN_SUSPICIOUS_MOVE = YES;
				CLANG_WARN_UNREACHABLE_CODE = YES;
				CLANG_WARN__DUPLICATE_METHOD_MATCH = YES;
				COPY_PHASE_STRIP = NO;
				DEBUG_INFORMATION_FORMAT = "dwarf-with-dsym";
				DEVELOPMENT_TEAM = S74A7QQFV4;
				ENABLE_NS_ASSERTIONS = NO;
				ENABLE_STRICT_OBJC_MSGSEND = YES;
				ENABLE_USER_SCRIPT_SANDBOXING = YES;
				GCC_C_LANGUAGE_STANDARD = gnu17;
				GCC_NO_COMMON_BLOCKS = YES;
				GCC_WARN_64_TO_32_BIT_CONVERSION = YES;
				GCC_WARN_ABOUT_RETURN_TYPE = YES;
				GCC_WARN_UNDECLARED_SELECTOR = YES;
				GCC_WARN_UNINITIALIZED_AUTOS = YES;
				GCC_WARN_UNUSED_FUNCTION = YES;
				GCC_WARN_UNUSED_VARIABLE = YES;
				MTL_FAST_MATH = YES;
				SDKROOT = iphoneos;
				STRING_CATALOG_GENERATE_SYMBOLS = YES;
				SWIFT_COMPILATION_MODE = wholemodule;
				SWIFT_OPTIMIZATION_LEVEL = "-O";
				VALIDATE_PRODUCT = YES;
			};
			name = Release;
		};
		E1000005 /* Debug */ = {
			isa = XCBuildConfiguration;
			buildSettings = {
				ASSETCATALOG_COMPILER_APPICON_NAME = AppIcon;
				CLANG_ENABLE_OBJC_WEAK = YES;
				CODE_SIGN_STYLE = Automatic;
				CURRENT_PROJECT_VERSION = 2;
				ENABLE_PREVIEWS = YES;
				GENERATE_INFOPLIST_FILE = NO;
				INFOPLIST_FILE = Info.plist;
				INFOPLIST_KEY_CFBundleDisplayName = "扫描鸡";
				INFOPLIST_KEY_LSApplicationCategoryType = "public.app-category.productivity";
				IPHONEOS_DEPLOYMENT_TARGET = 18.0;
				MARKETING_VERSION = 1.0.1;
				PRODUCT_BUNDLE_IDENTIFIER = com.saomiaoji.app;
				PRODUCT_NAME = "$(TARGET_NAME)";
				SUPPORTED_PLATFORMS = "iphoneos iphonesimulator";
				SUPPORTS_MACCATALYST = NO;
				SUPPORTS_MAC_DESIGNED_FOR_IPHONE_IPAD = NO;
				SUPPORTS_XR_DESIGNED_FOR_IPHONE_IPAD = NO;
				SWIFT_EMIT_LOC_STRINGS = YES;
				SWIFT_VERSION = 5.0;
				TARGETED_DEVICE_FAMILY = "1,2";
			};
			name = Debug;
		};
		E1000006 /* Release */ = {
			isa = XCBuildConfiguration;
			buildSettings = {
				ASSETCATALOG_COMPILER_APPICON_NAME = AppIcon;
				CLANG_ENABLE_OBJC_WEAK = YES;
				CODE_SIGN_ENTITLEMENTS = SpeedScanRelease.entitlements;
				CODE_SIGN_STYLE = Automatic;
				CURRENT_PROJECT_VERSION = 2;
				ENABLE_PREVIEWS = YES;
				GENERATE_INFOPLIST_FILE = NO;
				INFOPLIST_FILE = Info.plist;
				INFOPLIST_KEY_CFBundleDisplayName = "扫描鸡";
				INFOPLIST_KEY_LSApplicationCategoryType = "public.app-category.productivity";
				IPHONEOS_DEPLOYMENT_TARGET = 18.0;
				MARKETING_VERSION = 1.0.1;
				PRODUCT_BUNDLE_IDENTIFIER = com.saomiaoji.app;
				PRODUCT_NAME = "$(TARGET_NAME)";
				SUPPORTED_PLATFORMS = "iphoneos iphonesimulator";
				SUPPORTS_MACCATALYST = NO;
				SUPPORTS_MAC_DESIGNED_FOR_IPHONE_IPAD = NO;
				SUPPORTS_XR_DESIGNED_FOR_IPHONE_IPAD = NO;
				SWIFT_EMIT_LOC_STRINGS = YES;
				SWIFT_VERSION = 5.0;
				TARGETED_DEVICE_FAMILY = "1,2";
			};
			name = Release;
		};
/* End XCBuildConfiguration section */

/* Begin XCConfigurationList section */
		E1000001 /* Build configuration list for PBXProject "SpeedScan" */ = {
			isa = XCConfigurationList;
			buildConfigurations = (
				E1000003 /* Debug */,
				E1000004 /* Release */,
			);
			defaultConfigurationIsVisible = 0;
			defaultConfigurationName = Release;
		};
		E1000002 /* Build configuration list for PBXNativeTarget "SpeedScan" */ = {
			isa = XCConfigurationList;
			buildConfigurations = (
				E1000005 /* Debug */,
				E1000006 /* Release */,
			);
			defaultConfigurationIsVisible = 0;
			defaultConfigurationName = Release;
		};
/* End XCConfigurationList section */

/* Begin XCRemoteSwiftPackageReference section */
		BFE5005C2F63AB2A003548BD /* XCRemoteSwiftPackageReference "ZIPFoundation" */ = {
			isa = XCRemoteSwiftPackageReference;
			repositoryURL = "https://github.com/weichsel/ZIPFoundation.git";
			requirement = {
				kind = upToNextMajorVersion;
				minimumVersion = 0.9.20;
			};
		};
/* End XCRemoteSwiftPackageReference section */

/* Begin XCSwiftPackageProductDependency section */
		BFE5005D2F63AB2A003548BD /* ZIPFoundation */ = {
			isa = XCSwiftPackageProductDependency;
			package = BFE5005C2F63AB2A003548BD /* XCRemoteSwiftPackageReference "ZIPFoundation" */;
			productName = ZIPFoundation;
		};
/* End XCSwiftPackageProductDependency section */
	};
	rootObject = D1000000 /* Project object */;
}
